
Microsoft Visual Studio Solution File, Format Version 12.00
# Visual Studio 15
VisualStudioVersion = 15.0.26124.0
MinimumVisualStudioVersion = 15.0.26124.0
Project("{2150E333-8FDC-42A3-9474-1A3956D46DE8}") = "src", "src", "{484FCABB-A4D1-49A8-BAE3-3CB4D1234BA0}"
EndProject
Project("{FAE04EC0-301F-11D3-BF4B-00C04F79EFBC}") = "ZincTicket.Api", "src\ZincTicket.Api\ZincTicket.Api.csproj", "{2D5473EE-E62E-4F4A-BD1B-E09FEA7A41D8}"
EndProject
Project("{FAE04EC0-301F-11D3-BF4B-00C04F79EFBC}") = "ZincTicket.Migrations", "src\ZincTicket.Migrations\ZincTicket.Migrations.csproj", "{AAEBD7C5-C916-4DA8-825A-5508A92668BE}"
EndProject
Project("{2150E333-8FDC-42A3-9474-1A3956D46DE8}") = "test", "test", "{ADD99035-620C-4762-97E1-E903DE536ACA}"
EndProject
Project("{FAE04EC0-301F-11D3-BF4B-00C04F79EFBC}") = "ZincTicket.Migration.Tests", "test\ZincTicket.Migration.Tests\ZincTicket.Migration.Tests.csproj", "{EB2B39A3-BEE8-4763-AAD4-89AD69D1A1F3}"
EndProject
Project("{FAE04EC0-301F-11D3-BF4B-00C04F79EFBC}") = "ZincTicket.Api.Tests", "test\ZincTicket.Api.Tests\ZincTicket.Api.Tests.csproj", "{D1C36CFC-A967-4F7C-B49E-67088E8ABC6D}"
EndProject
Project("{FAE04EC0-301F-11D3-BF4B-00C04F79EFBC}") = "ZincTicket.Core", "src\ZincTicket.Core\ZincTicket.Core.csproj", "{D84D921E-0A10-428E-8975-AD27E9C260DB}"
EndProject
Global
	GlobalSection(SolutionConfigurationPlatforms) = preSolution
		Debug|Any CPU = Debug|Any CPU
		Debug|x64 = Debug|x64
		Debug|x86 = Debug|x86
		Release|Any CPU = Release|Any CPU
		Release|x64 = Release|x64
		Release|x86 = Release|x86
	EndGlobalSection
	GlobalSection(SolutionProperties) = preSolution
		HideSolutionNode = FALSE
	EndGlobalSection
	GlobalSection(ProjectConfigurationPlatforms) = postSolution
		{2D5473EE-E62E-4F4A-BD1B-E09FEA7A41D8}.Debug|Any CPU.ActiveCfg = Debug|Any CPU
		{2D5473EE-E62E-4F4A-BD1B-E09FEA7A41D8}.Debug|Any CPU.Build.0 = Debug|Any CPU
		{2D5473EE-E62E-4F4A-BD1B-E09FEA7A41D8}.Debug|x64.ActiveCfg = Debug|Any CPU
		{2D5473EE-E62E-4F4A-BD1B-E09FEA7A41D8}.Debug|x64.Build.0 = Debug|Any CPU
		{2D5473EE-E62E-4F4A-BD1B-E09FEA7A41D8}.Debug|x86.ActiveCfg = Debug|Any CPU
		{2D5473EE-E62E-4F4A-BD1B-E09FEA7A41D8}.Debug|x86.Build.0 = Debug|Any CPU
		{2D5473EE-E62E-4F4A-BD1B-E09FEA7A41D8}.Release|Any CPU.ActiveCfg = Release|Any CPU
		{2D5473EE-E62E-4F4A-BD1B-E09FEA7A41D8}.Release|Any CPU.Build.0 = Release|Any CPU
		{2D5473EE-E62E-4F4A-BD1B-E09FEA7A41D8}.Release|x64.ActiveCfg = Release|Any CPU
		{2D5473EE-E62E-4F4A-BD1B-E09FEA7A41D8}.Release|x64.Build.0 = Release|Any CPU
		{2D5473EE-E62E-4F4A-BD1B-E09FEA7A41D8}.Release|x86.ActiveCfg = Release|Any CPU
		{2D5473EE-E62E-4F4A-BD1B-E09FEA7A41D8}.Release|x86.Build.0 = Release|Any CPU
		{AAEBD7C5-C916-4DA8-825A-5508A92668BE}.Debug|Any CPU.ActiveCfg = Debug|Any CPU
		{AAEBD7C5-C916-4DA8-825A-5508A92668BE}.Debug|Any CPU.Build.0 = Debug|Any CPU
		{AAEBD7C5-C916-4DA8-825A-5508A92668BE}.Debug|x64.ActiveCfg = Debug|Any CPU
		{AAEBD7C5-C916-4DA8-825A-5508A92668BE}.Debug|x64.Build.0 = Debug|Any CPU
		{AAEBD7C5-C916-4DA8-825A-5508A92668BE}.Debug|x86.ActiveCfg = Debug|Any CPU
		{AAEBD7C5-C916-4DA8-825A-5508A92668BE}.Debug|x86.Build.0 = Debug|Any CPU
		{AAEBD7C5-C916-4DA8-825A-5508A92668BE}.Release|Any CPU.ActiveCfg = Release|Any CPU
		{AAEBD7C5-C916-4DA8-825A-5508A92668BE}.Release|Any CPU.Build.0 = Release|Any CPU
		{AAEBD7C5-C916-4DA8-825A-5508A92668BE}.Release|x64.ActiveCfg = Release|Any CPU
		{AAEBD7C5-C916-4DA8-825A-5508A92668BE}.Release|x64.Build.0 = Release|Any CPU
		{AAEBD7C5-C916-4DA8-825A-5508A92668BE}.Release|x86.ActiveCfg = Release|Any CPU
		{AAEBD7C5-C916-4DA8-825A-5508A92668BE}.Release|x86.Build.0 = Release|Any CPU
		{EB2B39A3-BEE8-4763-AAD4-89AD69D1A1F3}.Debug|Any CPU.ActiveCfg = Debug|Any CPU
		{EB2B39A3-BEE8-4763-AAD4-89AD69D1A1F3}.Debug|Any CPU.Build.0 = Debug|Any CPU
		{EB2B39A3-BEE8-4763-AAD4-89AD69D1A1F3}.Debug|x64.ActiveCfg = Debug|Any CPU
		{EB2B39A3-BEE8-4763-AAD4-89AD69D1A1F3}.Debug|x64.Build.0 = Debug|Any CPU
		{EB2B39A3-BEE8-4763-AAD4-89AD69D1A1F3}.Debug|x86.ActiveCfg = Debug|Any CPU
		{EB2B39A3-BEE8-4763-AAD4-89AD69D1A1F3}.Debug|x86.Build.0 = Debug|Any CPU
		{EB2B39A3-BEE8-4763-AAD4-89AD69D1A1F3}.Release|Any CPU.ActiveCfg = Release|Any CPU
		{EB2B39A3-BEE8-4763-AAD4-89AD69D1A1F3}.Release|Any CPU.Build.0 = Release|Any CPU
		{EB2B39A3-BEE8-4763-AAD4-89AD69D1A1F3}.Release|x64.ActiveCfg = Release|Any CPU
		{EB2B39A3-BEE8-4763-AAD4-89AD69D1A1F3}.Release|x64.Build.0 = Release|Any CPU
		{EB2B39A3-BEE8-4763-AAD4-89AD69D1A1F3}.Release|x86.ActiveCfg = Release|Any CPU
		{EB2B39A3-BEE8-4763-AAD4-89AD69D1A1F3}.Release|x86.Build.0 = Release|Any CPU
		{D1C36CFC-A967-4F7C-B49E-67088E8ABC6D}.Debug|Any CPU.ActiveCfg = Debug|Any CPU
		{D1C36CFC-A967-4F7C-B49E-67088E8ABC6D}.Debug|Any CPU.Build.0 = Debug|Any CPU
		{D1C36CFC-A967-4F7C-B49E-67088E8ABC6D}.Debug|x64.ActiveCfg = Debug|Any CPU
		{D1C36CFC-A967-4F7C-B49E-67088E8ABC6D}.Debug|x64.Build.0 = Debug|Any CPU
		{D1C36CFC-A967-4F7C-B49E-67088E8ABC6D}.Debug|x86.ActiveCfg = Debug|Any CPU
		{D1C36CFC-A967-4F7C-B49E-67088E8ABC6D}.Debug|x86.Build.0 = Debug|Any CPU
		{D1C36CFC-A967-4F7C-B49E-67088E8ABC6D}.Release|Any CPU.ActiveCfg = Release|Any CPU
		{D1C36CFC-A967-4F7C-B49E-67088E8ABC6D}.Release|Any CPU.Build.0 = Release|Any CPU
		{D1C36CFC-A967-4F7C-B49E-67088E8ABC6D}.Release|x64.ActiveCfg = Release|Any CPU
		{D1C36CFC-A967-4F7C-B49E-67088E8ABC6D}.Release|x64.Build.0 = Release|Any CPU
		{D1C36CFC-A967-4F7C-B49E-67088E8ABC6D}.Release|x86.ActiveCfg = Release|Any CPU
		{D1C36CFC-A967-4F7C-B49E-67088E8ABC6D}.Release|x86.Build.0 = Release|Any CPU
		{D84D921E-0A10-428E-8975-AD27E9C260DB}.Debug|Any CPU.ActiveCfg = Debug|Any CPU
		{D84D921E-0A10-428E-8975-AD27E9C260DB}.Debug|Any CPU.Build.0 = Debug|Any CPU
		{D84D921E-0A10-428E-8975-AD27E9C260DB}.Debug|x64.ActiveCfg = Debug|Any CPU
		{D84D921E-0A10-428E-8975-AD27E9C260DB}.Debug|x64.Build.0 = Debug|Any CPU
		{D84D921E-0A10-428E-8975-AD27E9C260DB}.Debug|x86.ActiveCfg = Debug|Any CPU
		{D84D921E-0A10-428E-8975-AD27E9C260DB}.Debug|x86.Build.0 = Debug|Any CPU
		{D84D921E-0A10-428E-8975-AD27E9C260DB}.Release|Any CPU.ActiveCfg = Release|Any CPU
		{D84D921E-0A10-428E-8975-AD27E9C260DB}.Release|Any CPU.Build.0 = Release|Any CPU
		{D84D921E-0A10-428E-8975-AD27E9C260DB}.Release|x64.ActiveCfg = Release|Any CPU
		{D84D921E-0A10-428E-8975-AD27E9C260DB}.Release|x64.Build.0 = Release|Any CPU
		{D84D921E-0A10-428E-8975-AD27E9C260DB}.Release|x86.ActiveCfg = Release|Any CPU
		{D84D921E-0A10-428E-8975-AD27E9C260DB}.Release|x86.Build.0 = Release|Any CPU
	EndGlobalSection
	GlobalSection(NestedProjects) = preSolution
		{2D5473EE-E62E-4F4A-BD1B-E09FEA7A41D8} = {484FCABB-A4D1-49A8-BAE3-3CB4D1234BA0}
		{AAEBD7C5-C916-4DA8-825A-5508A92668BE} = {484FCABB-A4D1-49A8-BAE3-3CB4D1234BA0}
		{EB2B39A3-BEE8-4763-AAD4-89AD69D1A1F3} = {ADD99035-620C-4762-97E1-E903DE536ACA}
		{D1C36CFC-A967-4F7C-B49E-67088E8ABC6D} = {ADD99035-620C-4762-97E1-E903DE536ACA}
		{D84D921E-0A10-428E-8975-AD27E9C260DB} = {484FCABB-A4D1-49A8-BAE3-3CB4D1234BA0}
	EndGlobalSection
EndGlobal
